// !$*UTF8*$!
{
	archiveVersion = 1;
	classes = {
	};
	objectVersion = 46;
	objects = {

/* Begin PBXBuildFile section */
		7C029EC81983168500E6CC19 /* XMLData.m in Sources */ = {isa = PBXBuildFile; fileRef = 7C029EC71983168500E6CC19 /* XMLData.m */; };
		7C1974A21A534451007A7490 /* CoreData.framework in Frameworks */ = {isa = PBXBuildFile; fileRef = 7C1974A11A534451007A7490 /* CoreData.framework */; };
		7C3A43A619828B79007622CE /* DetailViewController.m in Sources */ = {isa = PBXBuildFile; fileRef = 7C3A43A519828B79007622CE /* DetailViewController.m */; };
		7C3A43A919828F64007622CE /* subway.json in Resources */ = {isa = PBXBuildFile; fileRef = 7C3A43A819828F64007622CE /* subway.json */; };
		7C3A43AC198293CE007622CE /* JSONParser.m in Sources */ = {isa = PBXBuildFile; fileRef = 7C3A43AB198293CE007622CE /* JSONParser.m */; };
		7C3A43AF1982956F007622CE /* StationData.m in Sources */ = {isa = PBXBuildFile; fileRef = 7C3A43AE1982956F007622CE /* StationData.m */; };
		7C3A43B219829609007622CE /* Annotation.m in Sources */ = {isa = PBXBuildFile; fileRef = 7C3A43B119829609007622CE /* Annotation.m */; };
		7C411FDF20EEE6B00036A92B /* FindMeButton.m in Sources */ = {isa = PBXBuildFile; fileRef = 7C411FDE20EEE6B00036A92B /* FindMeButton.m */; };
		7C55BC0A1A6DF45300D7B884 /* XMLTableViewCell.m in Sources */ = {isa = PBXBuildFile; fileRef = 7C55BC091A6DF45300D7B884 /* XMLTableViewCell.m */; };
		7C6EBB9F1A6EE0E800676BC3 /* ServiceViewController.m in Sources */ = {isa = PBXBuildFile; fileRef = 7C6EBB9E1A6EE0E800676BC3 /* ServiceViewController.m */; };
		7C915E9026C7D700000ED91D /* Constant.m in Sources */ = {isa = PBXBuildFile; fileRef = 7C915E8F26C7D700000ED91D /* Constant.m */; };
		7CB545AF1981B2D7004AE7C5 /* Foundation.framework in Frameworks */ = {isa = PBXBuildFile; fileRef = 7CB545AE1981B2D7004AE7C5 /* Foundation.framework */; };
		7CB545B11981B2D7004AE7C5 /* CoreGraphics.framework in Frameworks */ = {isa = PBXBuildFile; fileRef = 7CB545B01981B2D7004AE7C5 /* CoreGraphics.framework */; };
		7CB545B31981B2D7004AE7C5 /* UIKit.framework in Frameworks */ = {isa = PBXBuildFile; fileRef = 7CB545B21981B2D7004AE7C5 /* UIKit.framework */; };
		7CB545B91981B2D7004AE7C5 /* InfoPlist.strings in Resources */ = {isa = PBXBuildFile; fileRef = 7CB545B71981B2D7004AE7C5 /* InfoPlist.strings */; };
		7CB545BB1981B2D7004AE7C5 /* main.m in Sources */ = {isa = PBXBuildFile; fileRef = 7CB545BA1981B2D7004AE7C5 /* main.m */; };
		7CB545BF1981B2D7004AE7C5 /* AppDelegate.m in Sources */ = {isa = PBXBuildFile; fileRef = 7CB545BE1981B2D7004AE7C5 /* AppDelegate.m */; };
		7CB545C11981B2D7004AE7C5 /* Images.xcassets in Resources */ = {isa = PBXBuildFile; fileRef = 7CB545C01981B2D7004AE7C5 /* Images.xcassets */; };
		7CB545C81981B2D7004AE7C5 /* XCTest.framework in Frameworks */ = {isa = PBXBuildFile; fileRef = 7CB545C71981B2D7004AE7C5 /* XCTest.framework */; };
		7CB545C91981B2D7004AE7C5 /* Foundation.framework in Frameworks */ = {isa = PBXBuildFile; fileRef = 7CB545AE1981B2D7004AE7C5 /* Foundation.framework */; };
		7CB545CA1981B2D7004AE7C5 /* UIKit.framework in Frameworks */ = {isa = PBXBuildFile; fileRef = 7CB545B21981B2D7004AE7C5 /* UIKit.framework */; };
		7CB545D21981B2D7004AE7C5 /* InfoPlist.strings in Resources */ = {isa = PBXBuildFile; fileRef = 7CB545D01981B2D7004AE7C5 /* InfoPlist.strings */; };
		7CB545D41981B2D7004AE7C5 /* NycSeeTests.m in Sources */ = {isa = PBXBuildFile; fileRef = 7CB545D31981B2D7004AE7C5 /* NycSeeTests.m */; };
		7CB545DF1981B32F004AE7C5 /* MapViewController.m in Sources */ = {isa = PBXBuildFile; fileRef = 7CB545DE1981B32F004AE7C5 /* MapViewController.m */; };
		7CB545E31981B3F9004AE7C5 /* XMLTableViewController.m in Sources */ = {isa = PBXBuildFile; fileRef = 7CB545E21981B3F9004AE7C5 /* XMLTableViewController.m */; };
		7CB545E81981D347004AE7C5 /* MapKit.framework in Frameworks */ = {isa = PBXBuildFile; fileRef = 7CB545E71981D347004AE7C5 /* MapKit.framework */; };
		7CB545EA1981D34F004AE7C5 /* CoreLocation.framework in Frameworks */ = {isa = PBXBuildFile; fileRef = 7CB545E91981D34F004AE7C5 /* CoreLocation.framework */; };
		7CFCF3AE1A2CDA7C009CD7A6 /* AnnotationView.m in Sources */ = {isa = PBXBuildFile; fileRef = 7CFCF3AD1A2CDA7C009CD7A6 /* AnnotationView.m */; };
/* End PBXBuildFile section */

/* Begin PBXContainerItemProxy section */
		7CB545CB1981B2D7004AE7C5 /* PBXContainerItemProxy */ = {
			isa = PBXContainerItemProxy;
			containerPortal = 7CB545A31981B2D7004AE7C5 /* Project object */;
			proxyType = 1;
			remoteGlobalIDString = 7CB545AA1981B2D7004AE7C5;
			remoteInfo = NycSee;
		};
/* End PBXContainerItemProxy section */

/* Begin PBXFileReference section */
		7C029EC61983168500E6CC19 /* XMLData.h */ = {isa = PBXFileReference; fileEncoding = 4; lastKnownFileType = sourcecode.c.h; name = XMLData.h; path = Model/XMLData.h; sourceTree = "<group>"; };
		7C029EC71983168500E6CC19 /* XMLData.m */ = {isa = PBXFileReference; fileEncoding = 4; lastKnownFileType = sourcecode.c.objc; name = XMLData.m; path = Model/XMLData.m; sourceTree = "<group>"; };
		7C1974A11A534451007A7490 /* CoreData.framework */ = {isa = PBXFileReference; lastKnownFileType = wrapper.framework; name = CoreData.framework; path = System/Library/Frameworks/CoreData.framework; sourceTree = SDKROOT; };
		7C3A43A419828B79007622CE /* DetailViewController.h */ = {isa = PBXFileReference; fileEncoding = 4; lastKnownFileType = sourcecode.c.h; name = DetailViewController.h; path = Controller/DetailViewController.h; sourceTree = "<group>"; };
		7C3A43A519828B79007622CE /* DetailViewController.m */ = {isa = PBXFileReference; fileEncoding = 4; lastKnownFileType = sourcecode.c.objc; name = DetailViewController.m; path = Controller/DetailViewController.m; sourceTree = "<group>"; };
		7C3A43A819828F64007622CE /* subway.json */ = {isa = PBXFileReference; fileEncoding = 4; lastKnownFileType = text.json; name = subway.json; path = Model/subway.json; sourceTree = "<group>"; };
		7C3A43AA198293CE007622CE /* JSONParser.h */ = {isa = PBXFileReference; fileEncoding = 4; lastKnownFileType = sourcecode.c.h; name = JSONParser.h; path = Model/JSONParser.h; sourceTree = "<group>"; };
		7C3A43AB198293CE007622CE /* JSONParser.m */ = {isa = PBXFileReference; fileEncoding = 4; lastKnownFileType = sourcecode.c.objc; name = JSONParser.m; path = Model/JSONParser.m; sourceTree = "<group>"; };
		7C3A43AD1982956F007622CE /* StationData.h */ = {isa = PBXFileReference; fileEncoding = 4; lastKnownFileType = sourcecode.c.h; name = StationData.h; path = Model/StationData.h; sourceTree = "<group>"; };
		7C3A43AE1982956F007622CE /* StationData.m */ = {isa = PBXFileReference; fileEncoding = 4; lastKnownFileType = sourcecode.c.objc; name = StationData.m; path = Model/StationData.m; sourceTree = "<group>"; };
		7C3A43B019829609007622CE /* Annotation.h */ = {isa = PBXFileReference; fileEncoding = 4; lastKnownFileType = sourcecode.c.h; name = Annotation.h; path = Model/Annotation.h; sourceTree = "<group>"; };
		7C3A43B119829609007622CE /* Annotation.m */ = {isa = PBXFileReference; fileEncoding = 4; lastKnownFileType = sourcecode.c.objc; name = Annotation.m; path = Model/Annotation.m; sourceTree = "<group>"; };
		7C411FDD20EEE6B00036A92B /* FindMeButton.h */ = {isa = PBXFileReference; lastKnownFileType = sourcecode.c.h; name = FindMeButton.h; path = View/FindMeButton.h; sourceTree = "<group>"; };
		7C411FDE20EEE6B00036A92B /* FindMeButton.m */ = {isa = PBXFileReference; lastKnownFileType = sourcecode.c.objc; name = FindMeButton.m; path = View/FindMeButton.m; sourceTree = "<group>"; };
		7C55BC081A6DF45300D7B884 /* XMLTableViewCell.h */ = {isa = PBXFileReference; fileEncoding = 4; lastKnownFileType = sourcecode.c.h; name = XMLTableViewCell.h; path = Controller/XMLTableViewCell.h; sourceTree = "<group>"; };
		7C55BC091A6DF45300D7B884 /* XMLTableViewCell.m */ = {isa = PBXFileReference; fileEncoding = 4; lastKnownFileType = sourcecode.c.objc; name = XMLTableViewCell.m; path = Controller/XMLTableViewCell.m; sourceTree = "<group>"; };
		7C6EBB9D1A6EE0E800676BC3 /* ServiceViewController.h */ = {isa = PBXFileReference; fileEncoding = 4; lastKnownFileType = sourcecode.c.h; name = ServiceViewController.h; path = Controller/ServiceViewController.h; sourceTree = "<group>"; };
		7C6EBB9E1A6EE0E800676BC3 /* ServiceViewController.m */ = {isa = PBXFileReference; fileEncoding = 4; lastKnownFileType = sourcecode.c.objc; name = ServiceViewController.m; path = Controller/ServiceViewController.m; sourceTree = "<group>"; };
		7C915E8F26C7D700000ED91D /* Constant.m */ = {isa = PBXFileReference; lastKnownFileType = sourcecode.c.objc; path = Constant.m; sourceTree = "<group>"; };
		7C915E9326C7D71A000ED91D /* Constant.h */ = {isa = PBXFileReference; lastKnownFileType = sourcecode.c.h; path = Constant.h; sourceTree = "<group>"; };
		7CB545AB1981B2D7004AE7C5 /* NycSee.app */ = {isa = PBXFileReference; explicitFileType = wrapper.application; includeInIndex = 0; path = NycSee.app; sourceTree = BUILT_PRODUCTS_DIR; };
		7CB545AE1981B2D7004AE7C5 /* Foundation.framework */ = {isa = PBXFileReference; lastKnownFileType = wrapper.framework; name = Foundation.framework; path = System/Library/Frameworks/Foundation.framework; sourceTree = SDKROOT; };
		7CB545B01981B2D7004AE7C5 /* CoreGraphics.framework */ = {isa = PBXFileReference; lastKnownFileType = wrapper.framework; name = CoreGraphics.framework; path = System/Library/Frameworks/CoreGraphics.framework; sourceTree = SDKROOT; };
		7CB545B21981B2D7004AE7C5 /* UIKit.framework */ = {isa = PBXFileReference; lastKnownFileType = wrapper.framework; name = UIKit.framework; path = System/Library/Frameworks/UIKit.framework; sourceTree = SDKROOT; };
		7CB545B61981B2D7004AE7C5 /* NycSee-Info.plist */ = {isa = PBXFileReference; lastKnownFileType = text.plist.xml; path = "NycSee-Info.plist"; sourceTree = "<group>"; };
		7CB545B81981B2D7004AE7C5 /* en */ = {isa = PBXFileReference; lastKnownFileType = text.plist.strings; name = en; path = en.lproj/InfoPlist.strings; sourceTree = "<group>"; };
		7CB545BA1981B2D7004AE7C5 /* main.m */ = {isa = PBXFileReference; lastKnownFileType = sourcecode.c.objc; path = main.m; sourceTree = "<group>"; };
		7CB545BC1981B2D7004AE7C5 /* NycSee-Prefix.pch */ = {isa = PBXFileReference; lastKnownFileType = sourcecode.c.h; path = "NycSee-Prefix.pch"; sourceTree = "<group>"; };
		7CB545BD1981B2D7004AE7C5 /* AppDelegate.h */ = {isa = PBXFileReference; lastKnownFileType = sourcecode.c.h; path = AppDelegate.h; sourceTree = "<group>"; };
		7CB545BE1981B2D7004AE7C5 /* AppDelegate.m */ = {isa = PBXFileReference; lastKnownFileType = sourcecode.c.objc; path = AppDelegate.m; sourceTree = "<group>"; };
		7CB545C01981B2D7004AE7C5 /* Images.xcassets */ = {isa = PBXFileReference; lastKnownFileType = folder.assetcatalog; path = Images.xcassets; sourceTree = "<group>"; };
		7CB545C61981B2D7004AE7C5 /* NycSeeTests.xctest */ = {isa = PBXFileReference; explicitFileType = wrapper.cfbundle; includeInIndex = 0; path = NycSeeTests.xctest; sourceTree = BUILT_PRODUCTS_DIR; };
		7CB545C71981B2D7004AE7C5 /* XCTest.framework */ = {isa = PBXFileReference; lastKnownFileType = wrapper.framework; name = XCTest.framework; path = Library/Frameworks/XCTest.framework; sourceTree = DEVELOPER_DIR; };
		7CB545CF1981B2D7004AE7C5 /* NycSeeTests-Info.plist */ = {isa = PBXFileReference; lastKnownFileType = text.plist.xml; path = "NycSeeTests-Info.plist"; sourceTree = "<group>"; };
		7CB545D11981B2D7004AE7C5 /* en */ = {isa = PBXFileReference; lastKnownFileType = text.plist.strings; name = en; path = en.lproj/InfoPlist.strings; sourceTree = "<group>"; };
		7CB545D31981B2D7004AE7C5 /* NycSeeTests.m */ = {isa = PBXFileReference; lastKnownFileType = sourcecode.c.objc; path = NycSeeTests.m; sourceTree = "<group>"; };
		7CB545DD1981B32F004AE7C5 /* MapViewController.h */ = {isa = PBXFileReference; fileEncoding = 4; lastKnownFileType = sourcecode.c.h; name = MapViewController.h; path = Controller/MapViewController.h; sourceTree = "<group>"; };
		7CB545DE1981B32F004AE7C5 /* MapViewController.m */ = {isa = PBXFileReference; fileEncoding = 4; lastKnownFileType = sourcecode.c.objc; name = MapViewController.m; path = Controller/MapViewController.m; sourceTree = "<group>"; };
		7CB545E11981B3F9004AE7C5 /* XMLTableViewController.h */ = {isa = PBXFileReference; fileEncoding = 4; lastKnownFileType = sourcecode.c.h; name = XMLTableViewController.h; path = Controller/XMLTableViewController.h; sourceTree = "<group>"; };
		7CB545E21981B3F9004AE7C5 /* XMLTableViewController.m */ = {isa = PBXFileReference; fileEncoding = 4; lastKnownFileType = sourcecode.c.objc; name = XMLTableViewController.m; path = Controller/XMLTableViewController.m; sourceTree = "<group>"; };
		7CB545E71981D347004AE7C5 /* MapKit.framework */ = {isa = PBXFileReference; lastKnownFileType = wrapper.framework; name = MapKit.framework; path = System/Library/Frameworks/MapKit.framework; sourceTree = SDKROOT; };
		7CB545E91981D34F004AE7C5 /* CoreLocation.framework */ = {isa = PBXFileReference; lastKnownFileType = wrapper.framework; name = CoreLocation.framework; path = System/Library/Frameworks/CoreLocation.framework; sourceTree = SDKROOT; };
		7CFCF3AC1A2CDA7C009CD7A6 /* AnnotationView.h */ = {isa = PBXFileReference; fileEncoding = 4; lastKnownFileType = sourcecode.c.h; name = AnnotationView.h; path = View/AnnotationView.h; sourceTree = "<group>"; };
		7CFCF3AD1A2CDA7C009CD7A6 /* AnnotationView.m */ = {isa = PBXFileReference; fileEncoding = 4; lastKnownFileType = sourcecode.c.objc; name = AnnotationView.m; path = View/AnnotationView.m; sourceTree = "<group>"; };
/* End PBXFileReference section */

/* Begin PBXFrameworksBuildPhase section */
		7CB545A81981B2D7004AE7C5 /* Frameworks */ = {
			isa = PBXFrameworksBuildPhase;
			buildActionMask = 2147483647;
			files = (
				7C1974A21A534451007A7490 /* CoreData.framework in Frameworks */,
				7CB545EA1981D34F004AE7C5 /* CoreLocation.framework in Frameworks */,
				7CB545E81981D347004AE7C5 /* MapKit.framework in Frameworks */,
				7CB545B11981B2D7004AE7C5 /* CoreGraphics.framework in Frameworks */,
				7CB545B31981B2D7004AE7C5 /* UIKit.framework in Frameworks */,
				7CB545AF1981B2D7004AE7C5 /* Foundation.framework in Frameworks */,
			);
			runOnlyForDeploymentPostprocessing = 0;
		};
		7CB545C31981B2D7004AE7C5 /* Frameworks */ = {
			isa = PBXFrameworksBuildPhase;
			buildActionMask = 2147483647;
			files = (
				7CB545C81981B2D7004AE7C5 /* XCTest.framework in Frameworks */,
				7CB545CA1981B2D7004AE7C5 /* UIKit.framework in Frameworks */,
				7CB545C91981B2D7004AE7C5 /* Foundation.framework in Frameworks */,
			);
			runOnlyForDeploymentPostprocessing = 0;
		};
/* End PBXFrameworksBuildPhase section */

/* Begin PBXGroup section */
		7C3A43A719828EFC007622CE /* Model */ = {
			isa = PBXGroup;
			children = (
				7C029EC61983168500E6CC19 /* XMLData.h */,
				7C029EC71983168500E6CC19 /* XMLData.m */,
				7C3A43B019829609007622CE /* Annotation.h */,
				7C3A43B119829609007622CE /* Annotation.m */,
				7C3A43AA198293CE007622CE /* JSONParser.h */,
				7C3A43AB198293CE007622CE /* JSONParser.m */,
				7C3A43AD1982956F007622CE /* StationData.h */,
				7C3A43AE1982956F007622CE /* StationData.m */,
				7C3A43A819828F64007622CE /* subway.json */,
			);
			name = Model;
			sourceTree = "<group>";
		};
		7CB545A21981B2D7004AE7C5 = {
			isa = PBXGroup;
			children = (
				7CB545B41981B2D7004AE7C5 /* NycSee */,
				7CB545CD1981B2D7004AE7C5 /* NycSeeTests */,
				7CB545AD1981B2D7004AE7C5 /* Frameworks */,
				7CB545AC1981B2D7004AE7C5 /* Products */,
			);
			sourceTree = "<group>";
		};
		7CB545AC1981B2D7004AE7C5 /* Products */ = {
			isa = PBXGroup;
			children = (
				7CB545AB1981B2D7004AE7C5 /* NycSee.app */,
				7CB545C61981B2D7004AE7C5 /* NycSeeTests.xctest */,
			);
			name = Products;
			sourceTree = "<group>";
		};
		7CB545AD1981B2D7004AE7C5 /* Frameworks */ = {
			isa = PBXGroup;
			children = (
				7C1974A11A534451007A7490 /* CoreData.framework */,
				7CB545E91981D34F004AE7C5 /* CoreLocation.framework */,
				7CB545E71981D347004AE7C5 /* MapKit.framework */,
				7CB545AE1981B2D7004AE7C5 /* Foundation.framework */,
				7CB545B01981B2D7004AE7C5 /* CoreGraphics.framework */,
				7CB545B21981B2D7004AE7C5 /* UIKit.framework */,
				7CB545C71981B2D7004AE7C5 /* XCTest.framework */,
			);
			name = Frameworks;
			sourceTree = "<group>";
		};
		7CB545B41981B2D7004AE7C5 /* NycSee */ = {
			isa = PBXGroup;
			children = (
				7C3A43A719828EFC007622CE /* Model */,
				7CB545E01981B335004AE7C5 /* Controller */,
				7CB545BD1981B2D7004AE7C5 /* AppDelegate.h */,
				7CB545BE1981B2D7004AE7C5 /* AppDelegate.m */,
				7CFCF3A81A2CD8AE009CD7A6 /* View */,
				7CB545C01981B2D7004AE7C5 /* Images.xcassets */,
				7CB545B51981B2D7004AE7C5 /* Supporting Files */,
			);
			path = NycSee;
			sourceTree = "<group>";
		};
		7CB545B51981B2D7004AE7C5 /* Supporting Files */ = {
			isa = PBXGroup;
			children = (
				7CB545B61981B2D7004AE7C5 /* NycSee-Info.plist */,
				7CB545B71981B2D7004AE7C5 /* InfoPlist.strings */,
				7CB545BA1981B2D7004AE7C5 /* main.m */,
				7CB545BC1981B2D7004AE7C5 /* NycSee-Prefix.pch */,
				7C915E8F26C7D700000ED91D /* Constant.m */,
				7C915E9326C7D71A000ED91D /* Constant.h */,
			);
			name = "Supporting Files";
			sourceTree = "<group>";
		};
		7CB545CD1981B2D7004AE7C5 /* NycSeeTests */ = {
			isa = PBXGroup;
			children = (
				7CB545D31981B2D7004AE7C5 /* NycSeeTests.m */,
				7CB545CE1981B2D7004AE7C5 /* Supporting Files */,
			);
			path = NycSeeTests;
			sourceTree = "<group>";
		};
		7CB545CE1981B2D7004AE7C5 /* Supporting Files */ = {
			isa = PBXGroup;
			children = (
				7CB545CF1981B2D7004AE7C5 /* NycSeeTests-Info.plist */,
				7CB545D01981B2D7004AE7C5 /* InfoPlist.strings */,
			);
			name = "Supporting Files";
			sourceTree = "<group>";
		};
		7CB545E01981B335004AE7C5 /* Controller */ = {
			isa = PBXGroup;
			children = (
				7C3A43A419828B79007622CE /* DetailViewController.h */,
				7C3A43A519828B79007622CE /* DetailViewController.m */,
				7CB545DD1981B32F004AE7C5 /* MapViewController.h */,
				7CB545DE1981B32F004AE7C5 /* MapViewController.m */,
				7C55BC081A6DF45300D7B884 /* XMLTableViewCell.h */,
				7C55BC091A6DF45300D7B884 /* XMLTableViewCell.m */,
				7CB545E11981B3F9004AE7C5 /* XMLTableViewController.h */,
				7CB545E21981B3F9004AE7C5 /* XMLTableViewController.m */,
				7C6EBB9D1A6EE0E800676BC3 /* ServiceViewController.h */,
				7C6EBB9E1A6EE0E800676BC3 /* ServiceViewController.m */,
			);
			name = Controller;
			sourceTree = "<group>";
		};
		7CFCF3A81A2CD8AE009CD7A6 /* View */ = {
			isa = PBXGroup;
			children = (
				7CFCF3AC1A2CDA7C009CD7A6 /* AnnotationView.h */,
				7CFCF3AD1A2CDA7C009CD7A6 /* AnnotationView.m */,
				7C411FDD20EEE6B00036A92B /* FindMeButton.h */,
				7C411FDE20EEE6B00036A92B /* FindMeButton.m */,
			);
			name = View;
			sourceTree = "<group>";
		};
/* End PBXGroup section */

/* Begin PBXNativeTarget section */
		7CB545AA1981B2D7004AE7C5 /* NycSee */ = {
			isa = PBXNativeTarget;
			buildConfigurationList = 7CB545D71981B2D7004AE7C5 /* Build configuration list for PBXNativeTarget "NycSee" */;
			buildPhases = (
				7CB545A71981B2D7004AE7C5 /* Sources */,
				7CB545A81981B2D7004AE7C5 /* Frameworks */,
				7CB545A91981B2D7004AE7C5 /* Resources */,
			);
			buildRules = (
			);
			dependencies = (
			);
			name = NycSee;
			productName = NycSee;
			productReference = 7CB545AB1981B2D7004AE7C5 /* NycSee.app */;
			productType = "com.apple.product-type.application";
		};
		7CB545C51981B2D7004AE7C5 /* NycSeeTests */ = {
			isa = PBXNativeTarget;
			buildConfigurationList = 7CB545DA1981B2D7004AE7C5 /* Build configuration list for PBXNativeTarget "NycSeeTests" */;
			buildPhases = (
				7CB545C21981B2D7004AE7C5 /* Sources */,
				7CB545C31981B2D7004AE7C5 /* Frameworks */,
				7CB545C41981B2D7004AE7C5 /* Resources */,
			);
			buildRules = (
			);
			dependencies = (
				7CB545CC1981B2D7004AE7C5 /* PBXTargetDependency */,
			);
			name = NycSeeTests;
			productName = NycSeeTests;
			productReference = 7CB545C61981B2D7004AE7C5 /* NycSeeTests.xctest */;
			productType = "com.apple.product-type.bundle.unit-test";
		};
/* End PBXNativeTarget section */

/* Begin PBXProject section */
		7CB545A31981B2D7004AE7C5 /* Project object */ = {
			isa = PBXProject;
			attributes = {
				LastUpgradeCheck = 0940;
				ORGANIZATIONNAME = "Giving Tree";
				TargetAttributes = {
					7CB545AA1981B2D7004AE7C5 = {
						DevelopmentTeam = 5Q3CLN5Y6Q;
						SystemCapabilities = {
							com.apple.BackgroundModes = {
								enabled = 0;
							};
							com.apple.Maps.iOS = {
								enabled = 1;
							};
						};
					};
					7CB545C51981B2D7004AE7C5 = {
						TestTargetID = 7CB545AA1981B2D7004AE7C5;
					};
				};
			};
			buildConfigurationList = 7CB545A61981B2D7004AE7C5 /* Build configuration list for PBXProject "NycSee" */;
			compatibilityVersion = "Xcode 3.2";
			developmentRegion = English;
			hasScannedForEncodings = 0;
			knownRegions = (
				English,
				en,
			);
			mainGroup = 7CB545A21981B2D7004AE7C5;
			productRefGroup = 7CB545AC1981B2D7004AE7C5 /* Products */;
			projectDirPath = "";
			projectRoot = "";
			targets = (
				7CB545AA1981B2D7004AE7C5 /* NycSee */,
				7CB545C51981B2D7004AE7C5 /* NycSeeTests */,
			);
		};
/* End PBXProject section */

/* Begin PBXResourcesBuildPhase section */
		7CB545A91981B2D7004AE7C5 /* Resources */ = {
			isa = PBXResourcesBuildPhase;
			buildActionMask = 2147483647;
			files = (
				7CB545B91981B2D7004AE7C5 /* InfoPlist.strings in Resources */,
				7CB545C11981B2D7004AE7C5 /* Images.xcassets in Resources */,
				7C3A43A919828F64007622CE /* subway.json in Resources */,
			);
			runOnlyForDeploymentPostprocessing = 0;
		};
		7CB545C41981B2D7004AE7C5 /* Resources */ = {
			isa = PBXResourcesBuildPhase;
			buildActionMask = 2147483647;
			files = (
				7CB545D21981B2D7004AE7C5 /* InfoPlist.strings in Resources */,
			);
			runOnlyForDeploymentPostprocessing = 0;
		};
/* End PBXResourcesBuildPhase section */

/* Begin PBXSourcesBuildPhase section */
		7CB545A71981B2D7004AE7C5 /* Sources */ = {
			isa = PBXSourcesBuildPhase;
			buildActionMask = 2147483647;
			files = (
				7C411FDF20EEE6B00036A92B /* FindMeButton.m in Sources */,
				7C3A43AC198293CE007622CE /* JSONParser.m in Sources */,
				7CFCF3AE1A2CDA7C009CD7A6 /* AnnotationView.m in Sources */,
				7CB545DF1981B32F004AE7C5 /* MapViewController.m in Sources */,
				7CB545BF1981B2D7004AE7C5 /* AppDelegate.m in Sources */,
				7C6EBB9F1A6EE0E800676BC3 /* ServiceViewController.m in Sources */,
				7C55BC0A1A6DF45300D7B884 /* XMLTableViewCell.m in Sources */,
				7C3A43B219829609007622CE /* Annotation.m in Sources */,
				7CB545BB1981B2D7004AE7C5 /* main.m in Sources */,
				7C915E9026C7D700000ED91D /* Constant.m in Sources */,
				7C3A43AF1982956F007622CE /* StationData.m in Sources */,
				7CB545E31981B3F9004AE7C5 /* XMLTableViewController.m in Sources */,
				7C029EC81983168500E6CC19 /* XMLData.m in Sources */,
				7C3A43A619828B79007622CE /* DetailViewController.m in Sources */,
			);
			runOnlyForDeploymentPostprocessing = 0;
		};
		7CB545C21981B2D7004AE7C5 /* Sources */ = {
			isa = PBXSourcesBuildPhase;
			buildActionMask = 2147483647;
			files = (
				7CB545D41981B2D7004AE7C5 /* NycSeeTests.m in Sources */,
			);
			runOnlyForDeploymentPostprocessing = 0;
		};
/* End PBXSourcesBuildPhase section */

/* Begin PBXTargetDependency section */
		7CB545CC1981B2D7004AE7C5 /* PBXTargetDependency */ = {
			isa = PBXTargetDependency;
			target = 7CB545AA1981B2D7004AE7C5 /* NycSee */;
			targetProxy = 7CB545CB1981B2D7004AE7C5 /* PBXContainerItemProxy */;
		};
/* End PBXTargetDependency section */

/* Begin PBXVariantGroup section */
		7CB545B71981B2D7004AE7C5 /* InfoPlist.strings */ = {
			isa = PBXVariantGroup;
			children = (
				7CB545B81981B2D7004AE7C5 /* en */,
			);
			name = InfoPlist.strings;
			sourceTree = "<group>";
		};
		7CB545D01981B2D7004AE7C5 /* InfoPlist.strings */ = {
			isa = PBXVariantGroup;
			children = (
				7CB545D11981B2D7004AE7C5 /* en */,
			);
			name = InfoPlist.strings;
			sourceTree = "<group>";
		};
/* End PBXVariantGroup section */

/* Begin XCBuildConfiguration section */
		7CB545D51981B2D7004AE7C5 /* Debug */ = {
			isa = XCBuildConfiguration;
			buildSettings = {
				ALWAYS_SEARCH_USER_PATHS = NO;
				CLANG_CXX_LANGUAGE_STANDARD = "gnu++0x";
				CLANG_CXX_LIBRARY = "libc++";
				CLANG_ENABLE_MODULES = YES;
				CLANG_ENABLE_OBJC_ARC = YES;
				CLANG_WARN_BLOCK_CAPTURE_AUTORELEASING = YES;
				CLANG_WARN_BOOL_CONVERSION = YES;
				CLANG_WARN_COMMA = YES;
				CLANG_WARN_CONSTANT_CONVERSION = YES;
				CLANG_WARN_DEPRECATED_OBJC_IMPLEMENTATIONS = YES;
				CLANG_WARN_DIRECT_OBJC_ISA_USAGE = YES_ERROR;
				CLANG_WARN_EMPTY_BODY = YES;
				CLANG_WARN_ENUM_CONVERSION = YES;
				CLANG_WARN_INFINITE_RECURSION = YES;
				CLANG_WARN_INT_CONVERSION = YES;
				CLANG_WARN_NON_LITERAL_NULL_CONVERSION = YES;
				CLANG_WARN_OBJC_IMPLICIT_RETAIN_SELF = YES;
				CLANG_WARN_OBJC_LITERAL_CONVERSION = YES;
				CLANG_WARN_OBJC_ROOT_CLASS = YES_ERROR;
				CLANG_WARN_RANGE_LOOP_ANALYSIS = YES;
				CLANG_WARN_STRICT_PROTOTYPES = YES;
				CLANG_WARN_SUSPICIOUS_MOVE = YES;
				CLANG_WARN_UNREACHABLE_CODE = YES;
				CLANG_WARN__DUPLICATE_METHOD_MATCH = YES;
				"CODE_SIGN_IDENTITY[sdk=iphoneos*]" = "iPhone Developer";
				COPY_PHASE_STRIP = NO;
				ENABLE_STRICT_OBJC_MSGSEND = YES;
				ENABLE_TESTABILITY = YES;
				GCC_C_LANGUAGE_STANDARD = gnu99;
				GCC_DYNAMIC_NO_PIC = NO;
				GCC_NO_COMMON_BLOCKS = YES;
				GCC_OPTIMIZATION_LEVEL = 0;
				GCC_PREPROCESSOR_DEFINITIONS = (
					"DEBUG=1",
					"$(inherited)",
				);
				GCC_SYMBOLS_PRIVATE_EXTERN = NO;
				GCC_WARN_64_TO_32_BIT_CONVERSION = YES;
				GCC_WARN_ABOUT_RETURN_TYPE = YES_ERROR;
				GCC_WARN_UNDECLARED_SELECTOR = YES;
				GCC_WARN_UNINITIALIZED_AUTOS = YES_AGGRESSIVE;
				GCC_WARN_UNUSED_FUNCTION = YES;
				GCC_WARN_UNUSED_VARIABLE = YES;
				IPHONEOS_DEPLOYMENT_TARGET = 8.0;
				ONLY_ACTIVE_ARCH = YES;
				SDKROOT = iphoneos;
				TARGETED_DEVICE_FAMILY = "1,2";
			};
			name = Debug;
		};
		7CB545D61981B2D7004AE7C5 /* Release */ = {
			isa = XCBuildConfiguration;
			buildSettings = {
				ALWAYS_SEARCH_USER_PATHS = NO;
				CLANG_CXX_LANGUAGE_STANDARD = "gnu++0x";
				CLANG_CXX_LIBRARY = "libc++";
				CLANG_ENABLE_MODULES = YES;
				CLANG_ENABLE_OBJC_ARC = YES;
				CLANG_WARN_BLOCK_CAPTURE_AUTORELEASING = YES;
				CLANG_WARN_BOOL_CONVERSION = YES;
				CLANG_WARN_COMMA = YES;
				CLANG_WARN_CONSTANT_CONVERSION = YES;
				CLANG_WARN_DEPRECATED_OBJC_IMPLEMENTATIONS = YES;
				CLANG_WARN_DIRECT_OBJC_ISA_USAGE = YES_ERROR;
				CLANG_WARN_EMPTY_BODY = YES;
				CLANG_WARN_ENUM_CONVERSION = YES;
				CLANG_WARN_INFINITE_RECURSION = YES;
				CLANG_WARN_INT_CONVERSION = YES;
				CLANG_WARN_NON_LITERAL_NULL_CONVERSION = YES;
				CLANG_WARN_OBJC_IMPLICIT_RETAIN_SELF = YES;
				CLANG_WARN_OBJC_LITERAL_CONVERSION = YES;
				CLANG_WARN_OBJC_ROOT_CLASS = YES_ERROR;
				CLANG_WARN_RANGE_LOOP_ANALYSIS = YES;
				CLANG_WARN_STRICT_PROTOTYPES = YES;
				CLANG_WARN_SUSPICIOUS_MOVE = YES;
				CLANG_WARN_UNREACHABLE_CODE = YES;
				CLANG_WARN__DUPLICATE_METHOD_MATCH = YES;
				"CODE_SIGN_IDENTITY[sdk=iphoneos*]" = "iPhone Developer";
				COPY_PHASE_STRIP = YES;
				ENABLE_NS_ASSERTIONS = NO;
				ENABLE_STRICT_OBJC_MSGSEND = YES;
				GCC_C_LANGUAGE_STANDARD = gnu99;
				GCC_NO_COMMON_BLOCKS = YES;
				GCC_WARN_64_TO_32_BIT_CONVERSION = YES;
				GCC_WARN_ABOUT_RETURN_TYPE = YES_ERROR;
				GCC_WARN_UNDECLARED_SELECTOR = YES;
				GCC_WARN_UNINITIALIZED_AUTOS = YES_AGGRESSIVE;
				GCC_WARN_UNUSED_FUNCTION = YES;
				GCC_WARN_UNUSED_VARIABLE = YES;
				IPHONEOS_DEPLOYMENT_TARGET = 8.0;
				SDKROOT = iphoneos;
				TARGETED_DEVICE_FAMILY = "1,2";
				VALIDATE_PRODUCT = YES;
			};
			name = Release;
		};
		7CB545D81981B2D7004AE7C5 /* Debug */ = {
			isa = XCBuildConfiguration;
			buildSettings = {
				ASSETCATALOG_COMPILER_APPICON_NAME = AppIcon;
				ASSETCATALOG_COMPILER_LAUNCHIMAGE_NAME = LaunchImage;
				CODE_SIGN_IDENTITY = "iPhone Developer";
				"CODE_SIGN_IDENTITY[sdk=iphoneos*]" = "iPhone Developer";
				DEBUG_INFORMATION_FORMAT = "dwarf-with-dsym";
				"FRAMEWORK_SEARCH_PATHS[arch=*]" = "";
				GCC_PRECOMPILE_PREFIX_HEADER = YES;
				GCC_PREFIX_HEADER = "NycSee/NycSee-Prefix.pch";
				INFOPLIST_FILE = "NycSee/NycSee-Info.plist";
				IPHONEOS_DEPLOYMENT_TARGET = 8.0;
				PRODUCT_BUNDLE_IDENTIFIER = "com.GivingTree.$(PRODUCT_NAME:rfc1034identifier)";
				PRODUCT_NAME = "$(TARGET_NAME)";
				PROVISIONING_PROFILE = "";
				TARGETED_DEVICE_FAMILY = 1;
				WRAPPER_EXTENSION = app;
			};
			name = Debug;
		};
		7CB545D91981B2D7004AE7C5 /* Release */ = {
			isa = XCBuildConfiguration;
			buildSettings = {
				ASSETCATALOG_COMPILER_APPICON_NAME = AppIcon;
				ASSETCATALOG_COMPILER_LAUNCHIMAGE_NAME = LaunchImage;
				CODE_SIGN_IDENTITY = "iPhone Developer";
				"CODE_SIGN_IDENTITY[sdk=iphoneos*]" = "iPhone Developer";
				DEBUG_INFORMATION_FORMAT = "dwarf-with-dsym";
				GCC_PRECOMPILE_PREFIX_HEADER = YES;
				GCC_PREFIX_HEADER = "NycSee/NycSee-Prefix.pch";
				INFOPLIST_FILE = "NycSee/NycSee-Info.plist";
				IPHONEOS_DEPLOYMENT_TARGET = 8.0;
				ONLY_ACTIVE_ARCH = NO;
				PRODUCT_BUNDLE_IDENTIFIER = "com.GivingTree.$(PRODUCT_NAME:rfc1034identifier)";
				PRODUCT_NAME = "$(TARGET_NAME)";
				PROVISIONING_PROFILE = "";
				TARGETED_DEVICE_FAMILY = 1;
				WRAPPER_EXTENSION = app;
			};
			name = Release;
		};
		7CB545DB1981B2D7004AE7C5 /* Debug */ = {
			isa = XCBuildConfiguration;
			buildSettings = {
				BUNDLE_LOADER = "$(BUILT_PRODUCTS_DIR)/NycSee.app/NycSee";
				FRAMEWORK_SEARCH_PATHS = "";
				GCC_PRECOMPILE_PREFIX_HEADER = YES;
				GCC_PREFIX_HEADER = "NycSee/NycSee-Prefix.pch";
				GCC_PREPROCESSOR_DEFINITIONS = (
					"DEBUG=1",
					"$(inherited)",
				);
				INFOPLIST_FILE = "NycSeeTests/NycSeeTests-Info.plist";
				PRODUCT_BUNDLE_IDENTIFIER = "com.GivingTree.${PRODUCT_NAME:rfc1034identifier}";
				PRODUCT_NAME = "$(TARGET_NAME)";
				TEST_HOST = "$(BUNDLE_LOADER)";
				WRAPPER_EXTENSION = xctest;
			};
			name = Debug;
		};
		7CB545DC1981B2D7004AE7C5 /* Release */ = {
			isa = XCBuildConfiguration;
			buildSettings = {
				BUNDLE_LOADER = "$(BUILT_PRODUCTS_DIR)/NycSee.app/NycSee";
				FRAMEWORK_SEARCH_PATHS = "";
				GCC_PRECOMPILE_PREFIX_HEADER = YES;
				GCC_PREFIX_HEADER = "NycSee/NycSee-Prefix.pch";
				INFOPLIST_FILE = "NycSeeTests/NycSeeTests-Info.plist";
				PRODUCT_BUNDLE_IDENTIFIER = "com.GivingTree.${PRODUCT_NAME:rfc1034identifier}";
				PRODUCT_NAME = "$(TARGET_NAME)";
				TEST_HOST = "$(BUNDLE_LOADER)";
				WRAPPER_EXTENSION = xctest;
			};
			name = Release;
		};
/* End XCBuildConfiguration section */

/* Begin XCConfigurationList section */
		7CB545A61981B2D7004AE7C5 /* Build configuration list for PBXProject "NycSee" */ = {
			isa = XCConfigurationList;
			buildConfigurations = (
				7CB545D51981B2D7004AE7C5 /* Debug */,
				7CB545D61981B2D7004AE7C5 /* Release */,
			);
			defaultConfigurationIsVisible = 0;
			defaultConfigurationName = Release;
		};
		7CB545D71981B2D7004AE7C5 /* Build configuration list for PBXNativeTarget "NycSee" */ = {
			isa = XCConfigurationList;
			buildConfigurations = (
				7CB545D81981B2D7004AE7C5 /* Debug */,
				7CB545D91981B2D7004AE7C5 /* Release */,
			);
			defaultConfigurationIsVisible = 0;
			defaultConfigurationName = Release;
		};
		7CB545DA1981B2D7004AE7C5 /* Build configuration list for PBXNativeTarget "NycSeeTests" */ = {
			isa = XCConfigurationList;
			buildConfigurations = (
				7CB545DB1981B2D7004AE7C5 /* Debug */,
				7CB545DC1981B2D7004AE7C5 /* Release */,
			);
			defaultConfigurationIsVisible = 0;
			defaultConfigurationName = Release;
		};
/* End XCConfigurationList section */
	};
	rootObject = 7CB545A31981B2D7004AE7C5 /* Project object */;
}
